{
  "name": "cocos-hybrid-creator3-sample",
  "version": "1.0.0",
  "lockfileVersion": 3,
  "requires": true,
  "packages": {
    "": {
      "name": "cocos-hybrid-creator3-sample",
      "version": "1.0.0",
      "dependencies": {
        "@truewatchtech/cocos-sdk": "file:../../packages/cocos"
      }
    },
    "../../packages/cocos": {
      "name": "@truewatchtech/cocos-sdk",
      "version": "0.1.0-alpha.4",
      "license": "Apache-2.0",
      "bin": {
        "truewatch-cocos": "bin/cli.cjs"
      },
      "engines": {
        "node": ">=14"
      }
    },
    "node_modules/@truewatchtech/cocos-sdk": {
      "resolved": "../../packages/cocos",
      "link": true
    }
  }
}
